
Microsoft Visual Studio Solution File, Format Version 12.00
# Visual Studio 15
VisualStudioVersion = 15.0.28307.102
MinimumVisualStudioVersion = 10.0.40219.1
Project("{FAE04EC0-301F-11D3-BF4B-00C04F79EFBC}") = "Frameworkreal", "Frameworkreal\Frameworkreal.csproj", "{9F43524F-FEB8-4C5C-8E46-BEC56FEA3BF6}"
EndProject
Global
	GlobalSection(SolutionConfigurationPlatforms) = preSolution
		Debug|Any CPU = Debug|Any CPU
		Release|Any CPU = Release|Any CPU
	EndGlobalSection
	GlobalSection(ProjectConfigurationPlatforms) = postSolution
		{9F43524F-FEB8-4C5C-8E46-BEC56FEA3BF6}.Debug|Any CPU.ActiveCfg = Debug|Any CPU
		{9F43524F-FEB8-4C5C-8E46-BEC56FEA3BF6}.Debug|Any CPU.Build.0 = Debug|Any CPU
		{9F43524F-FEB8-4C5C-8E46-BEC56FEA3BF6}.Release|Any CPU.ActiveCfg = Release|Any CPU
		{9F43524F-FEB8-4C5C-8E46-BEC56FEA3BF6}.Release|Any CPU.Build.0 = Release|Any CPU
	EndGlobalSection
	GlobalSection(SolutionProperties) = preSolution
		HideSolutionNode = FALSE
	EndGlobalSection
	GlobalSection(ExtensibilityGlobals) = postSolution
		SolutionGuid = {EA497F7E-1B6C-4694-9AD2-44E58699E0B6}
	EndGlobalSection
EndGlobal
