
Microsoft Visual Studio Solution File, Format Version 12.00
# Visual Studio 15
VisualStudioVersion = 15.0.27703.2018
MinimumVisualStudioVersion = 10.0.40219.1
Project("{FAE04EC0-301F-11D3-BF4B-00C04F79EFBC}") = "lab1", "lab1\lab1.csproj", "{2385ECC7-3732-43A2-82AA-7E44E9FA88EB}"
EndProject
Global
	GlobalSection(SolutionConfigurationPlatforms) = preSolution
		Debug|Any CPU = Debug|Any CPU
		Release|Any CPU = Release|Any CPU
	EndGlobalSection
	GlobalSection(ProjectConfigurationPlatforms) = postSolution
		{2385ECC7-3732-43A2-82AA-7E44E9FA88EB}.Debug|Any CPU.ActiveCfg = Debug|Any CPU
		{2385ECC7-3732-43A2-82AA-7E44E9FA88EB}.Debug|Any CPU.Build.0 = Debug|Any CPU
		{2385ECC7-3732-43A2-82AA-7E44E9FA88EB}.Release|Any CPU.ActiveCfg = Release|Any CPU
		{2385ECC7-3732-43A2-82AA-7E44E9FA88EB}.Release|Any CPU.Build.0 = Release|Any CPU
	EndGlobalSection
	GlobalSection(SolutionProperties) = preSolution
		HideSolutionNode = FALSE
	EndGlobalSection
	GlobalSection(ExtensibilityGlobals) = postSolution
		SolutionGuid = {A2E2A722-6C89-4151-B043-9E4ECF4BC3BE}
	EndGlobalSection
EndGlobal
